// !$*UTF8*$!
{
	archiveVersion = 1;
	classes = {
	};
	objectVersion = 48;
	objects = {

/* Begin PBXBuildFile section */
		97300B482062D6490081C339 /* AppDelegate.swift in Sources */ = {isa = PBXBuildFile; fileRef = 97300B472062D6490081C339 /* AppDelegate.swift */; };
		97300B4A2062D6490081C339 /* ViewController.swift in Sources */ = {isa = PBXBuildFile; fileRef = 97300B492062D6490081C339 /* ViewController.swift */; };
		97300B4D2062D6490081C339 /* Main.storyboard in Resources */ = {isa = PBXBuildFile; fileRef = 97300B4B2062D6490081C339 /* Main.storyboard */; };
		97300B4F2062D6490081C339 /* Assets.xcassets in Resources */ = {isa = PBXBuildFile; fileRef = 97300B4E2062D6490081C339 /* Assets.xcassets */; };
		97300B522062D6490081C339 /* LaunchScreen.storyboard in Resources */ = {isa = PBXBuildFile; fileRef = 97300B502062D6490081C339 /* LaunchScreen.storyboard */; };
		973DA824207A988E00986310 /* forest the people – pumped up kicks.mp3 in Resources */ = {isa = PBXBuildFile; fileRef = 973DA823207A988E00986310 /* forest the people – pumped up kicks.mp3 */; };
/* End PBXBuildFile section */

/* Begin PBXFileReference section */
		97300B442062D6490081C339 /* playerSlider.app */ = {isa = PBXFileReference; explicitFileType = wrapper.application; includeInIndex = 0; path = playerSlider.app; sourceTree = BUILT_PRODUCTS_DIR; };
		97300B472062D6490081C339 /* AppDelegate.swift */ = {isa = PBXFileReference; lastKnownFileType = sourcecode.swift; path = AppDelegate.swift; sourceTree = "<group>"; };
		97300B492062D6490081C339 /* ViewController.swift */ = {isa = PBXFileReference; lastKnownFileType = sourcecode.swift; path = ViewController.swift; sourceTree = "<group>"; };
		97300B4C2062D6490081C339 /* Base */ = {isa = PBXFileReference; lastKnownFileType = file.storyboard; name = Base; path = Base.lproj/Main.storyboard; sourceTree = "<group>"; };
		97300B4E2062D6490081C339 /* Assets.xcassets */ = {isa = PBXFileReference; lastKnownFileType = folder.assetcatalog; path = Assets.xcassets; sourceTree = "<group>"; };
		97300B512062D6490081C339 /* Base */ = {isa = PBXFileReference; lastKnownFileType = file.storyboard; name = Base; path = Base.lproj/LaunchScreen.storyboard; sourceTree = "<group>"; };
		97300B532062D6490081C339 /* Info.plist */ = {isa = PBXFileReference; lastKnownFileType = text.plist.xml; path = Info.plist; sourceTree = "<group>"; };
		973DA823207A988E00986310 /* forest the people – pumped up kicks.mp3 */ = {isa = PBXFileReference; lastKnownFileType = audio.mp3; name = "forest the people – pumped up kicks.mp3"; path = "../../../../forest the people – pumped up kicks.mp3"; sourceTree = "<group>"; };
/* End PBXFileReference section */

/* Begin PBXFrameworksBuildPhase section */
		97300B412062D6490081C339 /* Frameworks */ = {
			isa = PBXFrameworksBuildPhase;
			buildActionMask = 2147483647;
			files = (
			);
			runOnlyForDeploymentPostprocessing = 0;
		};
/* End PBXFrameworksBuildPhase section */

/* Begin PBXGroup section */
		97300B3B2062D6480081C339 = {
			isa = PBXGroup;
			children = (
				97300B462062D6490081C339 /* playerSlider */,
				97300B452062D6490081C339 /* Products */,
			);
			sourceTree = "<group>";
		};
		97300B452062D6490081C339 /* Products */ = {
			isa = PBXGroup;
			children = (
				97300B442062D6490081C339 /* playerSlider.app */,
			);
			name = Products;
			sourceTree = "<group>";
		};
		97300B462062D6490081C339 /* playerSlider */ = {
			isa = PBXGroup;
			children = (
				97300B472062D6490081C339 /* AppDelegate.swift */,
				97300B492062D6490081C339 /* ViewController.swift */,
				97300B4B2062D6490081C339 /* Main.storyboard */,
				973DA823207A988E00986310 /* forest the people – pumped up kicks.mp3 */,
				97300B4E2062D6490081C339 /* Assets.xcassets */,
				97300B502062D6490081C339 /* LaunchScreen.storyboard */,
				97300B532062D6490081C339 /* Info.plist */,
			);
			path = playerSlider;
			sourceTree = "<group>";
		};
/* End PBXGroup section */

/* Begin PBXNativeTarget section */
		97300B432062D6490081C339 /* playerSlider */ = {
			isa = PBXNativeTarget;
			buildConfigurationList = 97300B562062D6490081C339 /* Build configuration list for PBXNativeTarget "playerSlider" */;
			buildPhases = (
				97300B402062D6490081C339 /* Sources */,
				97300B412062D6490081C339 /* Frameworks */,
				97300B422062D6490081C339 /* Resources */,
			);
			buildRules = (
			);
			dependencies = (
			);
			name = playerSlider;
			productName = playerSlider;
			productReference = 97300B442062D6490081C339 /* playerSlider.app */;
			productType = "com.apple.product-type.application";
		};
/* End PBXNativeTarget section */

/* Begin PBXProject section */
		97300B3C2062D6480081C339 /* Project object */ = {
			isa = PBXProject;
			attributes = {
				LastSwiftUpdateCheck = 0920;
				LastUpgradeCheck = 0920;
				ORGANIZATIONNAME = "Максим Вильданов";
				TargetAttributes = {
					97300B432062D6490081C339 = {
						CreatedOnToolsVersion = 9.2;
						ProvisioningStyle = Automatic;
					};
				};
			};
			buildConfigurationList = 97300B3F2062D6480081C339 /* Build configuration list for PBXProject "playerSlider" */;
			compatibilityVersion = "Xcode 8.0";
			developmentRegion = en;
			hasScannedForEncodings = 0;
			knownRegions = (
				en,
				Base,
			);
			mainGroup = 97300B3B2062D6480081C339;
			productRefGroup = 97300B452062D6490081C339 /* Products */;
			projectDirPath = "";
			projectRoot = "";
			targets = (
				97300B432062D6490081C339 /* playerSlider */,
			);
		};
/* End PBXProject section */

/* Begin PBXResourcesBuildPhase section */
		97300B422062D6490081C339 /* Resources */ = {
			isa = PBXResourcesBuildPhase;
			buildActionMask = 2147483647;
			files = (
				97300B522062D6490081C339 /* LaunchScreen.storyboard in Resources */,
				97300B4F2062D6490081C339 /* Assets.xcassets in Resources */,
				973DA824207A988E00986310 /* forest the people – pumped up kicks.mp3 in Resources */,
				97300B4D2062D6490081C339 /* Main.storyboard in Resources */,
			);
			runOnlyForDeploymentPostprocessing = 0;
		};
/* End PBXResourcesBuildPhase section */

/* Begin PBXSourcesBuildPhase section */
		97300B402062D6490081C339 /* Sources */ = {
			isa = PBXSourcesBuildPhase;
			buildActionMask = 2147483647;
			files = (
				97300B4A2062D6490081C339 /* ViewController.swift in Sources */,
				97300B482062D6490081C339 /* AppDelegate.swift in Sources */,
			);
			runOnlyForDeploymentPostprocessing = 0;
		};
/* End PBXSourcesBuildPhase section */

/* Begin PBXVariantGroup section */
		97300B4B2062D6490081C339 /* Main.storyboard */ = {
			isa = PBXVariantGroup;
			children = (
				97300B4C2062D6490081C339 /* Base */,
			);
			name = Main.storyboard;
			sourceTree = "<group>";
		};
		97300B502062D6490081C339 /* LaunchScreen.storyboard */ = {
			isa = PBXVariantGroup;
			children = (
				97300B512062D6490081C339 /* Base */,
			);
			name = LaunchScreen.storyboard;
			sourceTree = "<group>";
		};
/* End PBXVariantGroup section */

/* Begin XCBuildConfiguration section */
		97300B542062D6490081C339 /* Debug */ = {
			isa = XCBuildConfiguration;
			buildSettings = {
				ALWAYS_SEARCH_USER_PATHS = NO;
				CLANG_ANALYZER_NONNULL = YES;
				CLANG_ANALYZER_NUMBER_OBJECT_CONVERSION = YES_AGGRESSIVE;
				CLANG_CXX_LANGUAGE_STANDARD = "gnu++14";
				CLANG_CXX_LIBRARY = "libc++";
				CLANG_ENABLE_MODULES = YES;
				CLANG_ENABLE_OBJC_ARC = YES;
				CLANG_WARN_BLOCK_CAPTURE_AUTORELEASING = YES;
				CLANG_WARN_BOOL_CONVERSION = YES;
				CLANG_WARN_COMMA = YES;
				CLANG_WARN_CONSTANT_CONVERSION = YES;
				CLANG_WARN_DIRECT_OBJC_ISA_USAGE = YES_ERROR;
				CLANG_WARN_DOCUMENTATION_COMMENTS = YES;
				CLANG_WARN_EMPTY_BODY = YES;
				CLANG_WARN_ENUM_CONVERSION = YES;
				CLANG_WARN_INFINITE_RECURSION = YES;
				CLANG_WARN_INT_CONVERSION = YES;
				CLANG_WARN_NON_LITERAL_NULL_CONVERSION = YES;
				CLANG_WARN_OBJC_LITERAL_CONVERSION = YES;
				CLANG_WARN_OBJC_ROOT_CLASS = YES_ERROR;
				CLANG_WARN_RANGE_LOOP_ANALYSIS = YES;
				CLANG_WARN_STRICT_PROTOTYPES = YES;
				CLANG_WARN_SUSPICIOUS_MOVE = YES;
				CLANG_WARN_UNGUARDED_AVAILABILITY = YES_AGGRESSIVE;
				CLANG_WARN_UNREACHABLE_CODE = YES;
				CLANG_WARN__DUPLICATE_METHOD_MATCH = YES;
				CODE_SIGN_IDENTITY = "iPhone Developer";
				COPY_PHASE_STRIP = NO;
				DEBUG_INFORMATION_FORMAT = dwarf;
				ENABLE_STRICT_OBJC_MSGSEND = YES;
				ENABLE_TESTABILITY = YES;
				GCC_C_LANGUAGE_STANDARD = gnu11;
				GCC_DYNAMIC_NO_PIC = NO;
				GCC_NO_COMMON_BLOCKS = YES;
				GCC_OPTIMIZATION_LEVEL = 0;
				GCC_PREPROCESSOR_DEFINITIONS = (
					"DEBUG=1",
					"$(inherited)",
				);
				GCC_WARN_64_TO_32_BIT_CONVERSION = YES;
				GCC_WARN_ABOUT_RETURN_TYPE = YES_ERROR;
				GCC_WARN_UNDECLARED_SELECTOR = YES;
				GCC_WARN_UNINITIALIZED_AUTOS = YES_AGGRESSIVE;
				GCC_WARN_UNUSED_FUNCTION = YES;
				GCC_WARN_UNUSED_VARIABLE = YES;
				IPHONEOS_DEPLOYMENT_TARGET = 11.2;
				MTL_ENABLE_DEBUG_INFO = YES;
				ONLY_ACTIVE_ARCH = YES;
				SDKROOT = iphoneos;
				SWIFT_ACTIVE_COMPILATION_CONDITIONS = DEBUG;
				SWIFT_OPTIMIZATION_LEVEL = "-Onone";
			};
			name = Debug;
		};
		97300B552062D6490081C339 /* Release */ = {
			isa = XCBuildConfiguration;
			buildSettings = {
				ALWAYS_SEARCH_USER_PATHS = NO;
				CLANG_ANALYZER_NONNULL = YES;
				CLANG_ANALYZER_NUMBER_OBJECT_CONVERSION = YES_AGGRESSIVE;
				CLANG_CXX_LANGUAGE_STANDARD = "gnu++14";
				CLANG_CXX_LIBRARY = "libc++";
				CLANG_ENABLE_MODULES = YES;
				CLANG_ENABLE_OBJC_ARC = YES;
				CLANG_WARN_BLOCK_CAPTURE_AUTORELEASING = YES;
				CLANG_WARN_BOOL_CONVERSION = YES;
				CLANG_WARN_COMMA = YES;
				CLANG_WARN_CONSTANT_CONVERSION = YES;
				CLANG_WARN_DIRECT_OBJC_ISA_USAGE = YES_ERROR;
				CLANG_WARN_DOCUMENTATION_COMMENTS = YES;
				CLANG_WARN_EMPTY_BODY = YES;
				CLANG_WARN_ENUM_CONVERSION = YES;
				CLANG_WARN_INFINITE_RECURSION = YES;
				CLANG_WARN_INT_CONVERSION = YES;
				CLANG_WARN_NON_LITERAL_NULL_CONVERSION = YES;
				CLANG_WARN_OBJC_LITERAL_CONVERSION = YES;
				CLANG_WARN_OBJC_ROOT_CLASS = YES_ERROR;
				CLANG_WARN_RANGE_LOOP_ANALYSIS = YES;
				CLANG_WARN_STRICT_PROTOTYPES = YES;
				CLANG_WARN_SUSPICIOUS_MOVE = YES;
				CLANG_WARN_UNGUARDED_AVAILABILITY = YES_AGGRESSIVE;
				CLANG_WARN_UNREACHABLE_CODE = YES;
				CLANG_WARN__DUPLICATE_METHOD_MATCH = YES;
				CODE_SIGN_IDENTITY = "iPhone Developer";
				COPY_PHASE_STRIP = NO;
				DEBUG_INFORMATION_FORMAT = "dwarf-with-dsym";
				ENABLE_NS_ASSERTIONS = NO;
				ENABLE_STRICT_OBJC_MSGSEND = YES;
				GCC_C_LANGUAGE_STANDARD = gnu11;
				GCC_NO_COMMON_BLOCKS = YES;
				GCC_WARN_64_TO_32_BIT_CONVERSION = YES;
				GCC_WARN_ABOUT_RETURN_TYPE = YES_ERROR;
				GCC_WARN_UNDECLARED_SELECTOR = YES;
				GCC_WARN_UNINITIALIZED_AUTOS = YES_AGGRESSIVE;
				GCC_WARN_UNUSED_FUNCTION = YES;
				GCC_WARN_UNUSED_VARIABLE = YES;
				IPHONEOS_DEPLOYMENT_TARGET = 11.2;
				MTL_ENABLE_DEBUG_INFO = NO;
				SDKROOT = iphoneos;
				SWIFT_OPTIMIZATION_LEVEL = "-Owholemodule";
				VALIDATE_PRODUCT = YES;
			};
			name = Release;
		};
		97300B572062D6490081C339 /* Debug */ = {
			isa = XCBuildConfiguration;
			buildSettings = {
				ASSETCATALOG_COMPILER_APPICON_NAME = AppIcon;
				CODE_SIGN_IDENTITY = "iPhone Developer";
				CODE_SIGN_STYLE = Automatic;
				DEVELOPMENT_TEAM = 7BCN3D7ZLJ;
				INFOPLIST_FILE = playerSlider/Info.plist;
				LD_RUNPATH_SEARCH_PATHS = "$(inherited) @executable_path/Frameworks";
				PRODUCT_BUNDLE_IDENTIFIER = "-24Maxim.playerSlider";
				PRODUCT_NAME = "$(TARGET_NAME)";
				PROVISIONING_PROFILE_SPECIFIER = "";
				SWIFT_VERSION = 4.0;
				TARGETED_DEVICE_FAMILY = "1,2";
			};
			name = Debug;
		};
		97300B582062D6490081C339 /* Release */ = {
			isa = XCBuildConfiguration;
			buildSettings = {
				ASSETCATALOG_COMPILER_APPICON_NAME = AppIcon;
				CODE_SIGN_IDENTITY = "iPhone Developer";
				CODE_SIGN_STYLE = Automatic;
				DEVELOPMENT_TEAM = 7BCN3D7ZLJ;
				INFOPLIST_FILE = playerSlider/Info.plist;
				LD_RUNPATH_SEARCH_PATHS = "$(inherited) @executable_path/Frameworks";
				PRODUCT_BUNDLE_IDENTIFIER = "-24Maxim.playerSlider";
				PRODUCT_NAME = "$(TARGET_NAME)";
				PROVISIONING_PROFILE_SPECIFIER = "";
				SWIFT_VERSION = 4.0;
				TARGETED_DEVICE_FAMILY = "1,2";
			};
			name = Release;
		};
/* End XCBuildConfiguration section */

/* Begin XCConfigurationList section */
		97300B3F2062D6480081C339 /* Build configuration list for PBXProject "playerSlider" */ = {
			isa = XCConfigurationList;
			buildConfigurations = (
				97300B542062D6490081C339 /* Debug */,
				97300B552062D6490081C339 /* Release */,
			);
			defaultConfigurationIsVisible = 0;
			defaultConfigurationName = Release;
		};
		97300B562062D6490081C339 /* Build configuration list for PBXNativeTarget "playerSlider" */ = {
			isa = XCConfigurationList;
			buildConfigurations = (
				97300B572062D6490081C339 /* Debug */,
				97300B582062D6490081C339 /* Release */,
			);
			defaultConfigurationIsVisible = 0;
			defaultConfigurationName = Release;
		};
/* End XCConfigurationList section */
	};
	rootObject = 97300B3C2062D6480081C339 /* Project object */;
}
